github.com/MasterDimmy/errorcatcher v0.0.26 h1:M7RcqUtXd4OCH+hDAdK2N+IZg4jgAJuT6Bptr3i+Gb0=
github.com/MasterDimmy/errorcatcher v0.0.26/go.mod h1:FukOdzRhzYAK+43bw8SeujbsDmrMLUCtNDGBZzT1pbc=
github.com/MasterDimmy/golang-lruexpire v0.2.1 h1:W6y4mdhV8gMMzoWHU+DLtKvWXQQflVefXo8/q/bXDiw=
github.com/MasterDimmy/golang-lruexpire v0.2.1/go.mod h1:4ajU+qvydW4NgOfTm3ueokafudpJ35HrTrm5hooF2no=
github.com/MasterDimmy/golang-lruexpire v0.2.2 h1:OVXujE6DmQKWFoSX8E5dcQ/QbMxz/Evd7JK4MQFs/Vg=
github.com/MasterDimmy/golang-lruexpire v0.2.2/go.mod h1:ppQ+uHVKNJ2BiS8ayeCQ1Td+lI2rJl4pSyDno3j2bDA=
github.com/MasterDimmy/zilorot v0.0.1 h1:kpRVWPAYjBSfH+Vszsj0DDT8WKwN85UEhNytHrFwu7g=
github.com/MasterDimmy/zilorot v0.0.1/go.mod h1:kVbGpGm2hvzQWJsdap862ENtUs74PBsGCGIpQil0Vgg=
