github.com/MasterDimmy/errorcatcher v0.1.0 h1:BEPtLEOs0rwA5UKUxA7lFLIeWQ8w/sVraVZzSHM/BI4=
github.com/MasterDimmy/errorcatcher v0.1.0/go.mod h1:FukOdzRhzYAK+43bw8SeujbsDmrMLUCtNDGBZzT1pbc=
github.com/MasterDimmy/golang-lruexpire v0.2.3 h1:Xa00A2Xqus1TehMKRX5vo/YdZQP8cRN3Hv8I+vBH7pQ=
github.com/MasterDimmy/golang-lruexpire v0.2.3/go.mod h1:ppQ+uHVKNJ2BiS8ayeCQ1Td+lI2rJl4pSyDno3j2bDA=
github.com/MasterDimmy/zilorot v0.0.5 h1:WnaUKQxH1WbLAZwArudk/1/9wAQDWkHGMnvc94iZj6s=
github.com/MasterDimmy/zilorot v0.0.5/go.mod h1:68mFHATUmWbphdb8VjhBkC+4FcWxQWlWnR77+q+UZBw=
github.com/btcsuite/btcd/btcec/v2 v2.3.3 h1:6+iXlDKE8RMtKsvK0gshlXIuPbyWM/h84Ensb7o3sC0=
github.com/btcsuite/btcd/btcec/v2 v2.3.3/go.mod h1:zYzJ8etWJQIv1Ogk7OzpWjowwOdXY1W/17j2MW85J04=
github.com/btcsuite/btcd/chaincfg/chainhash v1.0.1 h1:q0rUy8C/TYNBQS1+CGKw68tLOFYSNEs0TFnxxnS9+4U=
github.com/btcsuite/btcd/chaincfg/chainhash v1.0.1/go.mod h1:7SFka0XMvUgj3hfZtydOrQY2mwhPclbT2snogU7SQQc=
github.com/davecgh/go-spew v1.1.1 h1:vj9j/u1bqnvCEfJOwUhtlOARqs3+rkHYY13jYWTU97c=
github.com/davecgh/go-spew v1.1.1/go.mod h1:J7Y8YcW2NihsgmVo/mv3lAwl/skON4iLHjSsI+c5H38=
github.com/decred/dcrd/crypto/blake256 v1.0.1 h1:7PltbUIQB7u/FfZ39+DGa/ShuMyJ5ilcvdfma9wOH6Y=
github.com/decred/dcrd/crypto/blake256 v1.0.1/go.mod h1:2OfgNZ5wDpcsFmHmCK5gZTPcCXqlm2ArzUIkw9czNJo=
github.com/decred/dcrd/dcrec/secp256k1/v4 v4.3.0 h1:rpfIENRNNilwHwZeG5+P150SMrnNEcHYvcCuK6dPZSg=
github.com/decred/dcrd/dcrec/secp256k1/v4 v4.3.0/go.mod h1:v57UDF4pDQJcEfFUCRop3lJL149eHGSe9Jvczhzjo/0=
github.com/ethereum/go-ethereum v1.14.3 h1:5zvnAqLtnCZrU9uod1JCvHWJbPMURzYFHfc2eHz4PHA=
github.com/ethereum/go-ethereum v1.14.3/go.mod h1:1STrq471D0BQbCX9He0hUj4bHxX2k6mt5nOQJhDNOJ8=
github.com/holiman/uint256 v1.2.4 h1:jUc4Nk8fm9jZabQuqr2JzednajVmBpC+oiTiXZJEApU=
github.com/holiman/uint256 v1.2.4/go.mod h1:EOMSn4q6Nyt9P6efbI3bueV4e1b3dGlUCXeiRV4ng7E=
golang.org/x/crypto v0.23.0 h1:dIJU/v2J8Mdglj/8rJ6UUOM3Zc9zLZxVZwwxMooUSAI=
golang.org/x/crypto v0.23.0/go.mod h1:CKFgDieR+mRhux2Lsu27y0fO304Db0wZe70UKqHu0v8=
golang.org/x/sys v0.20.0 h1:Od9JTbYCk261bKm4M/mw7AklTlFYIa0bIp9BgSm1S8Y=
golang.org/x/sys v0.20.0/go.mod h1:/VUhepiaJMQUp4+oa/7Zr1D23ma6VTLIYjOOTFZPUcA=
