github.com/MasterDimmy/errorcatcher v0.1.2 h1:+MaEJTwmcR48so1VV6nzyi2qH7PnthauhPxLnN9TCQI=
github.com/MasterDimmy/errorcatcher v0.1.2/go.mod h1:FukOdzRhzYAK+43bw8SeujbsDmrMLUCtNDGBZzT1pbc=
github.com/MasterDimmy/golang-lruexpire v0.2.1 h1:W6y4mdhV8gMMzoWHU+DLtKvWXQQflVefXo8/q/bXDiw=
github.com/MasterDimmy/golang-lruexpire v0.2.1/go.mod h1:4ajU+qvydW4NgOfTm3ueokafudpJ35HrTrm5hooF2no=
github.com/MasterDimmy/zilorot v0.0.5 h1:WnaUKQxH1WbLAZwArudk/1/9wAQDWkHGMnvc94iZj6s=
github.com/MasterDimmy/zilorot v0.0.5/go.mod h1:68mFHATUmWbphdb8VjhBkC+4FcWxQWlWnR77+q+UZBw=
github.com/btcsuite/btcd/btcec/v2 v2.5.0 h1:KioMXOWa76b86sTZZOmbzv/ldaQCmB8KFAyn5PbB8E8=
github.com/btcsuite/btcd/btcec/v2 v2.5.0/go.mod h1:+K/MYXcLBtHEQjRbjHuJChuybk4LCgjdjgRwil+e+Kk=
github.com/btcsuite/btcd/chainhash/v2 v2.0.0 h1:PMLlSloHJuEeB80XG9EjpXWNEKAZAMLl6YHZ6YsEuoA=
github.com/btcsuite/btcd/chainhash/v2 v2.0.0/go.mod h1:mKxcZ7oGTXE7IRV+sS9hP4EVBwc/SzfNR+52IsOP9j8=
github.com/davecgh/go-spew v1.1.1 h1:vj9j/u1bqnvCEfJOwUhtlOARqs3+rkHYY13jYWTU97c=
github.com/davecgh/go-spew v1.1.1/go.mod h1:J7Y8YcW2NihsgmVo/mv3lAwl/skON4iLHjSsI+c5H38=
github.com/decred/dcrd/crypto/blake256 v1.1.0 h1:zPMNGQCm0g4QTY27fOCorQW7EryeQ/U0x++OzVrdms8=
github.com/decred/dcrd/crypto/blake256 v1.1.0/go.mod h1:2OfgNZ5wDpcsFmHmCK5gZTPcCXqlm2ArzUIkw9czNJo=
github.com/decred/dcrd/dcrec/secp256k1/v4 v4.4.1 h1:5RVFMOWjMyRy8cARdy79nAmgYw3hK/4HUq48LQ6Wwqo=
github.com/decred/dcrd/dcrec/secp256k1/v4 v4.4.1/go.mod h1:ZXNYxsqcloTdSy/rNShjYzMhyjf0LaoftYK0p+A3h40=
github.com/ethereum/go-ethereum v1.17.5 h1:o9BIXs2Q/3cPHVxw49n+Zjn2i6rB9TOXatev46duOC4=
github.com/ethereum/go-ethereum v1.17.5/go.mod h1:vz2YvG7RewA4sFHTgzLyW+WmFG1N4jfk/hgXQVhhn9c=
github.com/goupdate/golang-lruexpire v0.2.5 h1:gBAbnF6jaCrcUdJI8Guecd1NfEFVgQp9kFdrVEa1LTM=
github.com/goupdate/golang-lruexpire v0.2.5/go.mod h1:hHpJ9Bsz9PpsK02eOhr1IUjhZ8w1GOhfdMZ6v3vA3Tg=
github.com/holiman/uint256 v1.3.2 h1:a9EgMPSC1AAaj1SZL5zIQD3WbwTuHrMGOerLjGmM/TA=
github.com/holiman/uint256 v1.3.2/go.mod h1:EOMSn4q6Nyt9P6efbI3bueV4e1b3dGlUCXeiRV4ng7E=
github.com/pmezard/go-difflib v1.0.0 h1:4DBwDE0NGyQoBHbLQYPwSUPoCMWR5BEzIk/f1lZbAQM=
github.com/pmezard/go-difflib v1.0.0/go.mod h1:iKH77koFhYxTK1pcRnkKkqfTogsbg7gZNVY4sRDYZ/4=
github.com/stretchr/testify v1.11.1 h1:7s2iGBzp5EwR7/aIZr8ao5+dra3wiQyKjjFuvgVKu7U=
github.com/stretchr/testify v1.11.1/go.mod h1:wZwfW3scLgRK+23gO65QZefKpKQRnfz6sD981Nm4B6U=
golang.org/x/crypto v0.48.0 h1:/VRzVqiRSggnhY7gNRxPauEQ5Drw9haKdM0jqfcCFts=
golang.org/x/crypto v0.48.0/go.mod h1:r0kV5h3qnFPlQnBSrULhlsRfryS2pmewsg+XfMgkVos=
golang.org/x/sys v0.41.0 h1:Ivj+2Cp/ylzLiEU89QhWblYnOE9zerudt9Ftecq2C6k=
golang.org/x/sys v0.41.0/go.mod h1:OgkHotnGiDImocRcuBABYBEXf8A9a87e/uXjp9XT3ks=
gopkg.in/yaml.v3 v3.0.1 h1:fxVm/GzAzEWqLHuvctI91KS9hhNmmWOoWu0XTYJS7CA=
gopkg.in/yaml.v3 v3.0.1/go.mod h1:K4uyk7z7BCEPqu6E+C64Yfv1cQ7kz7rIZviUmN+EgEM=
